// !$*UTF8*$!
{
	archiveVersion = 1;
	classes = {
	};
	objectVersion = 77;
	objects = {

/* Begin PBXBuildFile section */
		C211F8C52D16E35900003A60 /* EarthQuakesApp.swift in Sources */ = {isa = PBXBuildFile; fileRef = C211F8C22D16E35900003A60 /* EarthQuakesApp.swift */; };
		C211F8C62D16E35900003A60 /* Preview Assets.xcassets in Resources */ = {isa = PBXBuildFile; fileRef = C211F8BE2D16E35900003A60 /* Preview Assets.xcassets */; };
		C211F8C72D16E35900003A60 /* Assets.xcassets in Resources */ = {isa = PBXBuildFile; fileRef = C211F8C02D16E35900003A60 /* Assets.xcassets */; };
		C211F8CA2D16E36400003A60 /* EarthQuakesTests.swift in Sources */ = {isa = PBXBuildFile; fileRef = C211F8C82D16E36400003A60 /* EarthQuakesTests.swift */; };
		C211F8CE2D16E36800003A60 /* EarthQuakesUITests.swift in Sources */ = {isa = PBXBuildFile; fileRef = C211F8CB2D16E36800003A60 /* EarthQuakesUITests.swift */; };
		C211F8CF2D16E36800003A60 /* EarthQuakesUITestsLaunchTests.swift in Sources */ = {isa = PBXBuildFile; fileRef = C211F8CC2D16E36800003A60 /* EarthQuakesUITestsLaunchTests.swift */; };
		C211F8D42D1AEDDC00003A60 /* Quake.swift in Sources */ = {isa = PBXBuildFile; fileRef = C211F8D32D1AEDCE00003A60 /* Quake.swift */; };
		C211F8D62D1AEDEF00003A60 /* Quake+Color.swift in Sources */ = {isa = PBXBuildFile; fileRef = C211F8D52D1AEDEF00003A60 /* Quake+Color.swift */; };
		C211F8D82D1C0A5600003A60 /* README.md in Resources */ = {isa = PBXBuildFile; fileRef = C211F8D72D1C0A5600003A60 /* README.md */; };
		C211F8DA2D1C1B3300003A60 /* Quakes.swift in Sources */ = {isa = PBXBuildFile; fileRef = C211F8D92D1C1B3300003A60 /* Quakes.swift */; };
		C211F8DC2D1C1B6100003A60 /* QuakeRow.swift in Sources */ = {isa = PBXBuildFile; fileRef = C211F8DB2D1C1B6100003A60 /* QuakeRow.swift */; };
		C211F8DE2D1C1B7D00003A60 /* QuakeMagnitude.swift in Sources */ = {isa = PBXBuildFile; fileRef = C211F8DD2D1C1B7D00003A60 /* QuakeMagnitude.swift */; };
		C211F8E12D1D680900003A60 /* Quakes+Toolbar.swift in Sources */ = {isa = PBXBuildFile; fileRef = C211F8E02D1D680900003A60 /* Quakes+Toolbar.swift */; };
		C211F8E32D1D681D00003A60 /* SelectButton.swift in Sources */ = {isa = PBXBuildFile; fileRef = C211F8E22D1D681D00003A60 /* SelectButton.swift */; };
		C211F8E52D1D683300003A60 /* EditButton.swift in Sources */ = {isa = PBXBuildFile; fileRef = C211F8E42D1D683300003A60 /* EditButton.swift */; };
		C211F8E72D1D684800003A60 /* RefreshButton.swift in Sources */ = {isa = PBXBuildFile; fileRef = C211F8E62D1D684800003A60 /* RefreshButton.swift */; };
		C211F8E92D1D685F00003A60 /* ToolbarStatus.swift in Sources */ = {isa = PBXBuildFile; fileRef = C211F8E82D1D685F00003A60 /* ToolbarStatus.swift */; };
		C211F8EB2D1D688C00003A60 /* DeleteButton.swift in Sources */ = {isa = PBXBuildFile; fileRef = C211F8EA2D1D688C00003A60 /* DeleteButton.swift */; };
		C211F8EF2D1D85C100003A60 /* QuakeError.swift in Sources */ = {isa = PBXBuildFile; fileRef = C211F8EE2D1D85C100003A60 /* QuakeError.swift */; };
		C211F8F12D1EE8A000003A60 /* TestData.swift in Sources */ = {isa = PBXBuildFile; fileRef = C211F8F02D1EE8A000003A60 /* TestData.swift */; };
		C211F8F32D20192D00003A60 /* GeoJSON.swift in Sources */ = {isa = PBXBuildFile; fileRef = C211F8F22D20192D00003A60 /* GeoJSON.swift */; };
		C211F8F52D20354700003A60 /* QuakeLocation.swift in Sources */ = {isa = PBXBuildFile; fileRef = C211F8F42D20354700003A60 /* QuakeLocation.swift */; };
		C23060BA2D32B9CA00E4F9D3 /* HTTPDataDownloader.swift in Sources */ = {isa = PBXBuildFile; fileRef = C23060B92D32B9CA00E4F9D3 /* HTTPDataDownloader.swift */; };
		C23060BC2D32BE4000E4F9D3 /* QuakeClient.swift in Sources */ = {isa = PBXBuildFile; fileRef = C23060BB2D32BE4000E4F9D3 /* QuakeClient.swift */; };
		C23448E92D36955F000B454A /* TestDownloader.swift in Sources */ = {isa = PBXBuildFile; fileRef = C23448E82D36955F000B454A /* TestDownloader.swift */; };
		C23448EA2D3697B7000B454A /* TestData.swift in Sources */ = {isa = PBXBuildFile; fileRef = C211F8F02D1EE8A000003A60 /* TestData.swift */; };
/* End PBXBuildFile section */

/* Begin PBXContainerItemProxy section */
		C211F8A22D16E34B00003A60 /* PBXContainerItemProxy */ = {
			isa = PBXContainerItemProxy;
			containerPortal = C211F8892D16E34900003A60 /* Project object */;
			proxyType = 1;
			remoteGlobalIDString = C211F8902D16E34900003A60;
			remoteInfo = EarthQuakes;
		};
		C211F8AC2D16E34B00003A60 /* PBXContainerItemProxy */ = {
			isa = PBXContainerItemProxy;
			containerPortal = C211F8892D16E34900003A60 /* Project object */;
			proxyType = 1;
			remoteGlobalIDString = C211F8902D16E34900003A60;
			remoteInfo = EarthQuakes;
		};
/* End PBXContainerItemProxy section */

/* Begin PBXFileReference section */
		C211F8912D16E34900003A60 /* EarthQuakes.app */ = {isa = PBXFileReference; explicitFileType = wrapper.application; includeInIndex = 0; path = EarthQuakes.app; sourceTree = BUILT_PRODUCTS_DIR; };
		C211F8A12D16E34B00003A60 /* EarthQuakesTests.xctest */ = {isa = PBXFileReference; explicitFileType = wrapper.cfbundle; includeInIndex = 0; path = EarthQuakesTests.xctest; sourceTree = BUILT_PRODUCTS_DIR; };
		C211F8AB2D16E34B00003A60 /* EarthQuakesUITests.xctest */ = {isa = PBXFileReference; explicitFileType = wrapper.cfbundle; includeInIndex = 0; path = EarthQuakesUITests.xctest; sourceTree = BUILT_PRODUCTS_DIR; };
		C211F8BE2D16E35900003A60 /* Preview Assets.xcassets */ = {isa = PBXFileReference; lastKnownFileType = folder.assetcatalog; path = "Preview Assets.xcassets"; sourceTree = "<group>"; };
		C211F8C02D16E35900003A60 /* Assets.xcassets */ = {isa = PBXFileReference; lastKnownFileType = folder.assetcatalog; path = Assets.xcassets; sourceTree = "<group>"; };
		C211F8C22D16E35900003A60 /* EarthQuakesApp.swift */ = {isa = PBXFileReference; lastKnownFileType = sourcecode.swift; path = EarthQuakesApp.swift; sourceTree = "<group>"; };
		C211F8C82D16E36400003A60 /* EarthQuakesTests.swift */ = {isa = PBXFileReference; lastKnownFileType = sourcecode.swift; path = EarthQuakesTests.swift; sourceTree = "<group>"; };
		C211F8CB2D16E36800003A60 /* EarthQuakesUITests.swift */ = {isa = PBXFileReference; lastKnownFileType = sourcecode.swift; path = EarthQuakesUITests.swift; sourceTree = "<group>"; };
		C211F8CC2D16E36800003A60 /* EarthQuakesUITestsLaunchTests.swift */ = {isa = PBXFileReference; lastKnownFileType = sourcecode.swift; path = EarthQuakesUITestsLaunchTests.swift; sourceTree = "<group>"; };
		C211F8D32D1AEDCE00003A60 /* Quake.swift */ = {isa = PBXFileReference; lastKnownFileType = sourcecode.swift; path = Quake.swift; sourceTree = "<group>"; };
		C211F8D52D1AEDEF00003A60 /* Quake+Color.swift */ = {isa = PBXFileReference; lastKnownFileType = sourcecode.swift; path = "Quake+Color.swift"; sourceTree = "<group>"; };
		C211F8D72D1C0A5600003A60 /* README.md */ = {isa = PBXFileReference; lastKnownFileType = net.daringfireball.markdown; path = README.md; sourceTree = "<group>"; };
		C211F8D92D1C1B3300003A60 /* Quakes.swift */ = {isa = PBXFileReference; lastKnownFileType = sourcecode.swift; path = Quakes.swift; sourceTree = "<group>"; };
		C211F8DB2D1C1B6100003A60 /* QuakeRow.swift */ = {isa = PBXFileReference; lastKnownFileType = sourcecode.swift; path = QuakeRow.swift; sourceTree = "<group>"; };
		C211F8DD2D1C1B7D00003A60 /* QuakeMagnitude.swift */ = {isa = PBXFileReference; lastKnownFileType = sourcecode.swift; path = QuakeMagnitude.swift; sourceTree = "<group>"; };
		C211F8E02D1D680900003A60 /* Quakes+Toolbar.swift */ = {isa = PBXFileReference; lastKnownFileType = sourcecode.swift; path = "Quakes+Toolbar.swift"; sourceTree = "<group>"; };
		C211F8E22D1D681D00003A60 /* SelectButton.swift */ = {isa = PBXFileReference; lastKnownFileType = sourcecode.swift; path = SelectButton.swift; sourceTree = "<group>"; };
		C211F8E42D1D683300003A60 /* EditButton.swift */ = {isa = PBXFileReference; lastKnownFileType = sourcecode.swift; path = EditButton.swift; sourceTree = "<group>"; };
		C211F8E62D1D684800003A60 /* RefreshButton.swift */ = {isa = PBXFileReference; lastKnownFileType = sourcecode.swift; path = RefreshButton.swift; sourceTree = "<group>"; };
		C211F8E82D1D685F00003A60 /* ToolbarStatus.swift */ = {isa = PBXFileReference; lastKnownFileType = sourcecode.swift; path = ToolbarStatus.swift; sourceTree = "<group>"; };
		C211F8EA2D1D688C00003A60 /* DeleteButton.swift */ = {isa = PBXFileReference; lastKnownFileType = sourcecode.swift; path = DeleteButton.swift; sourceTree = "<group>"; };
		C211F8EE2D1D85C100003A60 /* QuakeError.swift */ = {isa = PBXFileReference; lastKnownFileType = sourcecode.swift; path = QuakeError.swift; sourceTree = "<group>"; };
		C211F8F02D1EE8A000003A60 /* TestData.swift */ = {isa = PBXFileReference; lastKnownFileType = sourcecode.swift; path = TestData.swift; sourceTree = "<group>"; };
		C211F8F22D20192D00003A60 /* GeoJSON.swift */ = {isa = PBXFileReference; lastKnownFileType = sourcecode.swift; path = GeoJSON.swift; sourceTree = "<group>"; };
		C211F8F42D20354700003A60 /* QuakeLocation.swift */ = {isa = PBXFileReference; lastKnownFileType = sourcecode.swift; path = QuakeLocation.swift; sourceTree = "<group>"; };
		C23060B92D32B9CA00E4F9D3 /* HTTPDataDownloader.swift */ = {isa = PBXFileReference; lastKnownFileType = sourcecode.swift; path = HTTPDataDownloader.swift; sourceTree = "<group>"; };
		C23060BB2D32BE4000E4F9D3 /* QuakeClient.swift */ = {isa = PBXFileReference; lastKnownFileType = sourcecode.swift; path = QuakeClient.swift; sourceTree = "<group>"; };
		C23448E82D36955F000B454A /* TestDownloader.swift */ = {isa = PBXFileReference; lastKnownFileType = sourcecode.swift; path = TestDownloader.swift; sourceTree = "<group>"; };
/* End PBXFileReference section */

/* Begin PBXFrameworksBuildPhase section */
		C211F88E2D16E34900003A60 /* Frameworks */ = {
			isa = PBXFrameworksBuildPhase;
			buildActionMask = 2147483647;
			files = (
			);
			runOnlyForDeploymentPostprocessing = 0;
		};
		C211F89E2D16E34B00003A60 /* Frameworks */ = {
			isa = PBXFrameworksBuildPhase;
			buildActionMask = 2147483647;
			files = (
			);
			runOnlyForDeploymentPostprocessing = 0;
		};
		C211F8A82D16E34B00003A60 /* Frameworks */ = {
			isa = PBXFrameworksBuildPhase;
			buildActionMask = 2147483647;
			files = (
			);
			runOnlyForDeploymentPostprocessing = 0;
		};
/* End PBXFrameworksBuildPhase section */

/* Begin PBXGroup section */
		C211F8882D16E34900003A60 = {
			isa = PBXGroup;
			children = (
				C211F8C32D16E35900003A60 /* EarthQuakes */,
				C211F8C92D16E36400003A60 /* EarthQuakesTests */,
				C211F8CD2D16E36800003A60 /* EarthQuakesUITests */,
				C211F8922D16E34900003A60 /* Products */,
			);
			sourceTree = "<group>";
		};
		C211F8922D16E34900003A60 /* Products */ = {
			isa = PBXGroup;
			children = (
				C211F8912D16E34900003A60 /* EarthQuakes.app */,
				C211F8A12D16E34B00003A60 /* EarthQuakesTests.xctest */,
				C211F8AB2D16E34B00003A60 /* EarthQuakesUITests.xctest */,
			);
			name = Products;
			sourceTree = "<group>";
		};
		C211F8BF2D16E35900003A60 /* Preview Content */ = {
			isa = PBXGroup;
			children = (
				C211F8F02D1EE8A000003A60 /* TestData.swift */,
				C23448E82D36955F000B454A /* TestDownloader.swift */,
				C211F8BE2D16E35900003A60 /* Preview Assets.xcassets */,
			);
			path = "Preview Content";
			sourceTree = "<group>";
		};
		C211F8C32D16E35900003A60 /* EarthQuakes */ = {
			isa = PBXGroup;
			children = (
				C211F8C22D16E35900003A60 /* EarthQuakesApp.swift */,
				C23060B82D32B9A500E4F9D3 /* DataDownloader */,
				C211F8D02D1AE86D00003A60 /* Models */,
				C211F8D12D1AE87A00003A60 /* Views */,
				C211F8D22D1AE88A00003A60 /* Resources */,
				C211F8BF2D16E35900003A60 /* Preview Content */,
				C211F8C02D16E35900003A60 /* Assets.xcassets */,
				C211F8D72D1C0A5600003A60 /* README.md */,
			);
			path = EarthQuakes;
			sourceTree = "<group>";
		};
		C211F8C92D16E36400003A60 /* EarthQuakesTests */ = {
			isa = PBXGroup;
			children = (
				C211F8C82D16E36400003A60 /* EarthQuakesTests.swift */,
			);
			path = EarthQuakesTests;
			sourceTree = "<group>";
		};
		C211F8CD2D16E36800003A60 /* EarthQuakesUITests */ = {
			isa = PBXGroup;
			children = (
				C211F8CB2D16E36800003A60 /* EarthQuakesUITests.swift */,
				C211F8CC2D16E36800003A60 /* EarthQuakesUITestsLaunchTests.swift */,
			);
			path = EarthQuakesUITests;
			sourceTree = "<group>";
		};
		C211F8D02D1AE86D00003A60 /* Models */ = {
			isa = PBXGroup;
			children = (
				C211F8D32D1AEDCE00003A60 /* Quake.swift */,
				C211F8D52D1AEDEF00003A60 /* Quake+Color.swift */,
				C211F8EE2D1D85C100003A60 /* QuakeError.swift */,
				C211F8F22D20192D00003A60 /* GeoJSON.swift */,
				C211F8F42D20354700003A60 /* QuakeLocation.swift */,
			);
			path = Models;
			sourceTree = "<group>";
		};
		C211F8D12D1AE87A00003A60 /* Views */ = {
			isa = PBXGroup;
			children = (
				C211F8D92D1C1B3300003A60 /* Quakes.swift */,
				C211F8DB2D1C1B6100003A60 /* QuakeRow.swift */,
				C211F8DD2D1C1B7D00003A60 /* QuakeMagnitude.swift */,
				C211F8DF2D1D663D00003A60 /* ToolbarContent */,
			);
			path = Views;
			sourceTree = "<group>";
		};
		C211F8D22D1AE88A00003A60 /* Resources */ = {
			isa = PBXGroup;
			children = (
			);
			path = Resources;
			sourceTree = "<group>";
		};
		C211F8DF2D1D663D00003A60 /* ToolbarContent */ = {
			isa = PBXGroup;
			children = (
				C211F8E02D1D680900003A60 /* Quakes+Toolbar.swift */,
				C211F8E22D1D681D00003A60 /* SelectButton.swift */,
				C211F8E42D1D683300003A60 /* EditButton.swift */,
				C211F8E62D1D684800003A60 /* RefreshButton.swift */,
				C211F8E82D1D685F00003A60 /* ToolbarStatus.swift */,
				C211F8EA2D1D688C00003A60 /* DeleteButton.swift */,
			);
			path = ToolbarContent;
			sourceTree = "<group>";
		};
		C23060B82D32B9A500E4F9D3 /* DataDownloader */ = {
			isa = PBXGroup;
			children = (
				C23060B92D32B9CA00E4F9D3 /* HTTPDataDownloader.swift */,
				C23060BB2D32BE4000E4F9D3 /* QuakeClient.swift */,
			);
			path = DataDownloader;
			sourceTree = "<group>";
		};
/* End PBXGroup section */

/* Begin PBXNativeTarget section */
		C211F8902D16E34900003A60 /* EarthQuakes */ = {
			isa = PBXNativeTarget;
			buildConfigurationList = C211F8B52D16E34B00003A60 /* Build configuration list for PBXNativeTarget "EarthQuakes" */;
			buildPhases = (
				C211F88D2D16E34900003A60 /* Sources */,
				C211F88E2D16E34900003A60 /* Frameworks */,
				C211F88F2D16E34900003A60 /* Resources */,
			);
			buildRules = (
			);
			dependencies = (
			);
			name = EarthQuakes;
			packageProductDependencies = (
			);
			productName = EarthQuakes;
			productReference = C211F8912D16E34900003A60 /* EarthQuakes.app */;
			productType = "com.apple.product-type.application";
		};
		C211F8A02D16E34B00003A60 /* EarthQuakesTests */ = {
			isa = PBXNativeTarget;
			buildConfigurationList = C211F8B82D16E34B00003A60 /* Build configuration list for PBXNativeTarget "EarthQuakesTests" */;
			buildPhases = (
				C211F89D2D16E34B00003A60 /* Sources */,
				C211F89E2D16E34B00003A60 /* Frameworks */,
				C211F89F2D16E34B00003A60 /* Resources */,
			);
			buildRules = (
			);
			dependencies = (
				C211F8A32D16E34B00003A60 /* PBXTargetDependency */,
			);
			name = EarthQuakesTests;
			packageProductDependencies = (
			);
			productName = EarthQuakesTests;
			productReference = C211F8A12D16E34B00003A60 /* EarthQuakesTests.xctest */;
			productType = "com.apple.product-type.bundle.unit-test";
		};
		C211F8AA2D16E34B00003A60 /* EarthQuakesUITests */ = {
			isa = PBXNativeTarget;
			buildConfigurationList = C211F8BB2D16E34B00003A60 /* Build configuration list for PBXNativeTarget "EarthQuakesUITests" */;
			buildPhases = (
				C211F8A72D16E34B00003A60 /* Sources */,
				C211F8A82D16E34B00003A60 /* Frameworks */,
				C211F8A92D16E34B00003A60 /* Resources */,
			);
			buildRules = (
			);
			dependencies = (
				C211F8AD2D16E34B00003A60 /* PBXTargetDependency */,
			);
			name = EarthQuakesUITests;
			packageProductDependencies = (
			);
			productName = EarthQuakesUITests;
			productReference = C211F8AB2D16E34B00003A60 /* EarthQuakesUITests.xctest */;
			productType = "com.apple.product-type.bundle.ui-testing";
		};
/* End PBXNativeTarget section */

/* Begin PBXProject section */
		C211F8892D16E34900003A60 /* Project object */ = {
			isa = PBXProject;
			attributes = {
				BuildIndependentTargetsInParallel = 1;
				LastSwiftUpdateCheck = 1610;
				LastUpgradeCheck = 1610;
				TargetAttributes = {
					C211F8902D16E34900003A60 = {
						CreatedOnToolsVersion = 16.1;
					};
					C211F8A02D16E34B00003A60 = {
						CreatedOnToolsVersion = 16.1;
						TestTargetID = C211F8902D16E34900003A60;
					};
					C211F8AA2D16E34B00003A60 = {
						CreatedOnToolsVersion = 16.1;
						TestTargetID = C211F8902D16E34900003A60;
					};
				};
			};
			buildConfigurationList = C211F88C2D16E34900003A60 /* Build configuration list for PBXProject "EarthQuakes" */;
			developmentRegion = en;
			hasScannedForEncodings = 0;
			knownRegions = (
				en,
				Base,
			);
			mainGroup = C211F8882D16E34900003A60;
			minimizedProjectReferenceProxies = 1;
			preferredProjectObjectVersion = 77;
			productRefGroup = C211F8922D16E34900003A60 /* Products */;
			projectDirPath = "";
			projectRoot = "";
			targets = (
				C211F8902D16E34900003A60 /* EarthQuakes */,
				C211F8A02D16E34B00003A60 /* EarthQuakesTests */,
				C211F8AA2D16E34B00003A60 /* EarthQuakesUITests */,
			);
		};
/* End PBXProject section */

/* Begin PBXResourcesBuildPhase section */
		C211F88F2D16E34900003A60 /* Resources */ = {
			isa = PBXResourcesBuildPhase;
			buildActionMask = 2147483647;
			files = (
				C211F8D82D1C0A5600003A60 /* README.md in Resources */,
				C211F8C62D16E35900003A60 /* Preview Assets.xcassets in Resources */,
				C211F8C72D16E35900003A60 /* Assets.xcassets in Resources */,
			);
			runOnlyForDeploymentPostprocessing = 0;
		};
		C211F89F2D16E34B00003A60 /* Resources */ = {
			isa = PBXResourcesBuildPhase;
			buildActionMask = 2147483647;
			files = (
			);
			runOnlyForDeploymentPostprocessing = 0;
		};
		C211F8A92D16E34B00003A60 /* Resources */ = {
			isa = PBXResourcesBuildPhase;
			buildActionMask = 2147483647;
			files = (
			);
			runOnlyForDeploymentPostprocessing = 0;
		};
/* End PBXResourcesBuildPhase section */

/* Begin PBXSourcesBuildPhase section */
		C211F88D2D16E34900003A60 /* Sources */ = {
			isa = PBXSourcesBuildPhase;
			buildActionMask = 2147483647;
			files = (
				C23448E92D36955F000B454A /* TestDownloader.swift in Sources */,
				C211F8D62D1AEDEF00003A60 /* Quake+Color.swift in Sources */,
				C211F8E52D1D683300003A60 /* EditButton.swift in Sources */,
				C211F8E32D1D681D00003A60 /* SelectButton.swift in Sources */,
				C211F8F32D20192D00003A60 /* GeoJSON.swift in Sources */,
				C211F8DE2D1C1B7D00003A60 /* QuakeMagnitude.swift in Sources */,
				C211F8D42D1AEDDC00003A60 /* Quake.swift in Sources */,
				C211F8DA2D1C1B3300003A60 /* Quakes.swift in Sources */,
				C211F8E92D1D685F00003A60 /* ToolbarStatus.swift in Sources */,
				C211F8E12D1D680900003A60 /* Quakes+Toolbar.swift in Sources */,
				C211F8EB2D1D688C00003A60 /* DeleteButton.swift in Sources */,
				C211F8EF2D1D85C100003A60 /* QuakeError.swift in Sources */,
				C211F8F52D20354700003A60 /* QuakeLocation.swift in Sources */,
				C23448EA2D3697B7000B454A /* TestData.swift in Sources */,
				C23060BA2D32B9CA00E4F9D3 /* HTTPDataDownloader.swift in Sources */,
				C211F8E72D1D684800003A60 /* RefreshButton.swift in Sources */,
				C23060BC2D32BE4000E4F9D3 /* QuakeClient.swift in Sources */,
				C211F8DC2D1C1B6100003A60 /* QuakeRow.swift in Sources */,
				C211F8C52D16E35900003A60 /* EarthQuakesApp.swift in Sources */,
			);
			runOnlyForDeploymentPostprocessing = 0;
		};
		C211F89D2D16E34B00003A60 /* Sources */ = {
			isa = PBXSourcesBuildPhase;
			buildActionMask = 2147483647;
			files = (
				C211F8CA2D16E36400003A60 /* EarthQuakesTests.swift in Sources */,
				C211F8F12D1EE8A000003A60 /* TestData.swift in Sources */,
			);
			runOnlyForDeploymentPostprocessing = 0;
		};
		C211F8A72D16E34B00003A60 /* Sources */ = {
			isa = PBXSourcesBuildPhase;
			buildActionMask = 2147483647;
			files = (
				C211F8CE2D16E36800003A60 /* EarthQuakesUITests.swift in Sources */,
				C211F8CF2D16E36800003A60 /* EarthQuakesUITestsLaunchTests.swift in Sources */,
			);
			runOnlyForDeploymentPostprocessing = 0;
		};
/* End PBXSourcesBuildPhase section */

/* Begin PBXTargetDependency section */
		C211F8A32D16E34B00003A60 /* PBXTargetDependency */ = {
			isa = PBXTargetDependency;
			target = C211F8902D16E34900003A60 /* EarthQuakes */;
			targetProxy = C211F8A22D16E34B00003A60 /* PBXContainerItemProxy */;
		};
		C211F8AD2D16E34B00003A60 /* PBXTargetDependency */ = {
			isa = PBXTargetDependency;
			target = C211F8902D16E34900003A60 /* EarthQuakes */;
			targetProxy = C211F8AC2D16E34B00003A60 /* PBXContainerItemProxy */;
		};
/* End PBXTargetDependency section */

/* Begin XCBuildConfiguration section */
		C211F8B32D16E34B00003A60 /* Debug */ = {
			isa = XCBuildConfiguration;
			buildSettings = {
				ALWAYS_SEARCH_USER_PATHS = NO;
				ASSETCATALOG_COMPILER_GENERATE_SWIFT_ASSET_SYMBOL_EXTENSIONS = YES;
				CLANG_ANALYZER_NONNULL = YES;
				CLANG_ANALYZER_NUMBER_OBJECT_CONVERSION = YES_AGGRESSIVE;
				CLANG_CXX_LANGUAGE_STANDARD = "gnu++20";
				CLANG_ENABLE_MODULES = YES;
				CLANG_ENABLE_OBJC_ARC = YES;
				CLANG_ENABLE_OBJC_WEAK = YES;
				CLANG_WARN_BLOCK_CAPTURE_AUTORELEASING = YES;
				CLANG_WARN_BOOL_CONVERSION = YES;
				CLANG_WARN_COMMA = YES;
				CLANG_WARN_CONSTANT_CONVERSION = YES;
				CLANG_WARN_DEPRECATED_OBJC_IMPLEMENTATIONS = YES;
				CLANG_WARN_DIRECT_OBJC_ISA_USAGE = YES_ERROR;
				CLANG_WARN_DOCUMENTATION_COMMENTS = YES;
				CLANG_WARN_EMPTY_BODY = YES;
				CLANG_WARN_ENUM_CONVERSION = YES;
				CLANG_WARN_INFINITE_RECURSION = YES;
				CLANG_WARN_INT_CONVERSION = YES;
				CLANG_WARN_NON_LITERAL_NULL_CONVERSION = YES;
				CLANG_WARN_OBJC_IMPLICIT_RETAIN_SELF = YES;
				CLANG_WARN_OBJC_LITERAL_CONVERSION = YES;
				CLANG_WARN_OBJC_ROOT_CLASS = YES_ERROR;
				CLANG_WARN_QUOTED_INCLUDE_IN_FRAMEWORK_HEADER = YES;
				CLANG_WARN_RANGE_LOOP_ANALYSIS = YES;
				CLANG_WARN_STRICT_PROTOTYPES = YES;
				CLANG_WARN_SUSPICIOUS_MOVE = YES;
				CLANG_WARN_UNGUARDED_AVAILABILITY = YES_AGGRESSIVE;
				CLANG_WARN_UNREACHABLE_CODE = YES;
				CLANG_WARN__DUPLICATE_METHOD_MATCH = YES;
				COPY_PHASE_STRIP = NO;
				DEBUG_INFORMATION_FORMAT = dwarf;
				ENABLE_STRICT_OBJC_MSGSEND = YES;
				ENABLE_TESTABILITY = YES;
				ENABLE_USER_SCRIPT_SANDBOXING = YES;
				GCC_C_LANGUAGE_STANDARD = gnu17;
				GCC_DYNAMIC_NO_PIC = NO;
				GCC_NO_COMMON_BLOCKS = YES;
				GCC_OPTIMIZATION_LEVEL = 0;
				GCC_PREPROCESSOR_DEFINITIONS = (
					"DEBUG=1",
					"$(inherited)",
				);
				GCC_WARN_64_TO_32_BIT_CONVERSION = YES;
				GCC_WARN_ABOUT_RETURN_TYPE = YES_ERROR;
				GCC_WARN_UNDECLARED_SELECTOR = YES;
				GCC_WARN_UNINITIALIZED_AUTOS = YES_AGGRESSIVE;
				GCC_WARN_UNUSED_FUNCTION = YES;
				GCC_WARN_UNUSED_VARIABLE = YES;
				IPHONEOS_DEPLOYMENT_TARGET = 18.1;
				LOCALIZATION_PREFERS_STRING_CATALOGS = YES;
				MTL_ENABLE_DEBUG_INFO = INCLUDE_SOURCE;
				MTL_FAST_MATH = YES;
				ONLY_ACTIVE_ARCH = YES;
				SDKROOT = iphoneos;
				SWIFT_ACTIVE_COMPILATION_CONDITIONS = "DEBUG $(inherited)";
				SWIFT_OPTIMIZATION_LEVEL = "-Onone";
			};
			name = Debug;
		};
		C211F8B42D16E34B00003A60 /* Release */ = {
			isa = XCBuildConfiguration;
			buildSettings = {
				ALWAYS_SEARCH_USER_PATHS = NO;
				ASSETCATALOG_COMPILER_GENERATE_SWIFT_ASSET_SYMBOL_EXTENSIONS = YES;
				CLANG_ANALYZER_NONNULL = YES;
				CLANG_ANALYZER_NUMBER_OBJECT_CONVERSION = YES_AGGRESSIVE;
				CLANG_CXX_LANGUAGE_STANDARD = "gnu++20";
				CLANG_ENABLE_MODULES = YES;
				CLANG_ENABLE_OBJC_ARC = YES;
				CLANG_ENABLE_OBJC_WEAK = YES;
				CLANG_WARN_BLOCK_CAPTURE_AUTORELEASING = YES;
				CLANG_WARN_BOOL_CONVERSION = YES;
				CLANG_WARN_COMMA = YES;
				CLANG_WARN_CONSTANT_CONVERSION = YES;
				CLANG_WARN_DEPRECATED_OBJC_IMPLEMENTATIONS = YES;
				CLANG_WARN_DIRECT_OBJC_ISA_USAGE = YES_ERROR;
				CLANG_WARN_DOCUMENTATION_COMMENTS = YES;
				CLANG_WARN_EMPTY_BODY = YES;
				CLANG_WARN_ENUM_CONVERSION = YES;
				CLANG_WARN_INFINITE_RECURSION = YES;
				CLANG_WARN_INT_CONVERSION = YES;
				CLANG_WARN_NON_LITERAL_NULL_CONVERSION = YES;
				CLANG_WARN_OBJC_IMPLICIT_RETAIN_SELF = YES;
				CLANG_WARN_OBJC_LITERAL_CONVERSION = YES;
				CLANG_WARN_OBJC_ROOT_CLASS = YES_ERROR;
				CLANG_WARN_QUOTED_INCLUDE_IN_FRAMEWORK_HEADER = YES;
				CLANG_WARN_RANGE_LOOP_ANALYSIS = YES;
				CLANG_WARN_STRICT_PROTOTYPES = YES;
				CLANG_WARN_SUSPICIOUS_MOVE = YES;
				CLANG_WARN_UNGUARDED_AVAILABILITY = YES_AGGRESSIVE;
				CLANG_WARN_UNREACHABLE_CODE = YES;
				CLANG_WARN__DUPLICATE_METHOD_MATCH = YES;
				COPY_PHASE_STRIP = NO;
				DEBUG_INFORMATION_FORMAT = "dwarf-with-dsym";
				ENABLE_NS_ASSERTIONS = NO;
				ENABLE_STRICT_OBJC_MSGSEND = YES;
				ENABLE_USER_SCRIPT_SANDBOXING = YES;
				GCC_C_LANGUAGE_STANDARD = gnu17;
				GCC_NO_COMMON_BLOCKS = YES;
				GCC_WARN_64_TO_32_BIT_CONVERSION = YES;
				GCC_WARN_ABOUT_RETURN_TYPE = YES_ERROR;
				GCC_WARN_UNDECLARED_SELECTOR = YES;
				GCC_WARN_UNINITIALIZED_AUTOS = YES_AGGRESSIVE;
				GCC_WARN_UNUSED_FUNCTION = YES;
				GCC_WARN_UNUSED_VARIABLE = YES;
				IPHONEOS_DEPLOYMENT_TARGET = 18.1;
				LOCALIZATION_PREFERS_STRING_CATALOGS = YES;
				MTL_ENABLE_DEBUG_INFO = NO;
				MTL_FAST_MATH = YES;
				SDKROOT = iphoneos;
				SWIFT_COMPILATION_MODE = wholemodule;
				VALIDATE_PRODUCT = YES;
			};
			name = Release;
		};
		C211F8B62D16E34B00003A60 /* Debug */ = {
			isa = XCBuildConfiguration;
			buildSettings = {
				ASSETCATALOG_COMPILER_APPICON_NAME = AppIcon;
				ASSETCATALOG_COMPILER_GLOBAL_ACCENT_COLOR_NAME = AccentColor;
				CODE_SIGN_STYLE = Automatic;
				CURRENT_PROJECT_VERSION = 1;
				DEVELOPMENT_ASSET_PATHS = "\"EarthQuakes/Preview Content\"";
				DEVELOPMENT_TEAM = C3M56A453W;
				ENABLE_PREVIEWS = YES;
				GENERATE_INFOPLIST_FILE = YES;
				INFOPLIST_KEY_UIApplicationSceneManifest_Generation = YES;
				INFOPLIST_KEY_UIApplicationSupportsIndirectInputEvents = YES;
				INFOPLIST_KEY_UILaunchScreen_Generation = YES;
				INFOPLIST_KEY_UISupportedInterfaceOrientations_iPad = "UIInterfaceOrientationPortrait UIInterfaceOrientationPortraitUpsideDown UIInterfaceOrientationLandscapeLeft UIInterfaceOrientationLandscapeRight";
				INFOPLIST_KEY_UISupportedInterfaceOrientations_iPhone = "UIInterfaceOrientationPortrait UIInterfaceOrientationLandscapeLeft UIInterfaceOrientationLandscapeRight";
				LD_RUNPATH_SEARCH_PATHS = (
					"$(inherited)",
					"@executable_path/Frameworks",
				);
				MARKETING_VERSION = 1.0;
				PRODUCT_BUNDLE_IDENTIFIER = online.swampios.EarthQuakes;
				PRODUCT_NAME = "$(TARGET_NAME)";
				SWIFT_EMIT_LOC_STRINGS = YES;
				SWIFT_VERSION = 5.0;
				TARGETED_DEVICE_FAMILY = "1,2";
			};
			name = Debug;
		};
		C211F8B72D16E34B00003A60 /* Release */ = {
			isa = XCBuildConfiguration;
			buildSettings = {
				ASSETCATALOG_COMPILER_APPICON_NAME = AppIcon;
				ASSETCATALOG_COMPILER_GLOBAL_ACCENT_COLOR_NAME = AccentColor;
				CODE_SIGN_STYLE = Automatic;
				CURRENT_PROJECT_VERSION = 1;
				DEVELOPMENT_ASSET_PATHS = "\"EarthQuakes/Preview Content\"";
				DEVELOPMENT_TEAM = C3M56A453W;
				ENABLE_PREVIEWS = YES;
				GENERATE_INFOPLIST_FILE = YES;
				INFOPLIST_KEY_UIApplicationSceneManifest_Generation = YES;
				INFOPLIST_KEY_UIApplicationSupportsIndirectInputEvents = YES;
				INFOPLIST_KEY_UILaunchScreen_Generation = YES;
				INFOPLIST_KEY_UISupportedInterfaceOrientations_iPad = "UIInterfaceOrientationPortrait UIInterfaceOrientationPortraitUpsideDown UIInterfaceOrientationLandscapeLeft UIInterfaceOrientationLandscapeRight";
				INFOPLIST_KEY_UISupportedInterfaceOrientations_iPhone = "UIInterfaceOrientationPortrait UIInterfaceOrientationLandscapeLeft UIInterfaceOrientationLandscapeRight";
				LD_RUNPATH_SEARCH_PATHS = (
					"$(inherited)",
					"@executable_path/Frameworks",
				);
				MARKETING_VERSION = 1.0;
				PRODUCT_BUNDLE_IDENTIFIER = online.swampios.EarthQuakes;
				PRODUCT_NAME = "$(TARGET_NAME)";
				SWIFT_EMIT_LOC_STRINGS = YES;
				SWIFT_VERSION = 5.0;
				TARGETED_DEVICE_FAMILY = "1,2";
			};
			name = Release;
		};
		C211F8B92D16E34B00003A60 /* Debug */ = {
			isa = XCBuildConfiguration;
			buildSettings = {
				BUNDLE_LOADER = "$(TEST_HOST)";
				CODE_SIGN_STYLE = Automatic;
				CURRENT_PROJECT_VERSION = 1;
				DEVELOPMENT_TEAM = C3M56A453W;
				GENERATE_INFOPLIST_FILE = YES;
				IPHONEOS_DEPLOYMENT_TARGET = 18.1;
				MARKETING_VERSION = 1.0;
				PRODUCT_BUNDLE_IDENTIFIER = online.swampios.EarthQuakesTests;
				PRODUCT_NAME = "$(TARGET_NAME)";
				SWIFT_EMIT_LOC_STRINGS = NO;
				SWIFT_VERSION = 5.0;
				TARGETED_DEVICE_FAMILY = "1,2";
				TEST_HOST = "$(BUILT_PRODUCTS_DIR)/EarthQuakes.app/$(BUNDLE_EXECUTABLE_FOLDER_PATH)/EarthQuakes";
			};
			name = Debug;
		};
		C211F8BA2D16E34B00003A60 /* Release */ = {
			isa = XCBuildConfiguration;
			buildSettings = {
				BUNDLE_LOADER = "$(TEST_HOST)";
				CODE_SIGN_STYLE = Automatic;
				CURRENT_PROJECT_VERSION = 1;
				DEVELOPMENT_TEAM = C3M56A453W;
				GENERATE_INFOPLIST_FILE = YES;
				IPHONEOS_DEPLOYMENT_TARGET = 18.1;
				MARKETING_VERSION = 1.0;
				PRODUCT_BUNDLE_IDENTIFIER = online.swampios.EarthQuakesTests;
				PRODUCT_NAME = "$(TARGET_NAME)";
				SWIFT_EMIT_LOC_STRINGS = NO;
				SWIFT_VERSION = 5.0;
				TARGETED_DEVICE_FAMILY = "1,2";
				TEST_HOST = "$(BUILT_PRODUCTS_DIR)/EarthQuakes.app/$(BUNDLE_EXECUTABLE_FOLDER_PATH)/EarthQuakes";
			};
			name = Release;
		};
		C211F8BC2D16E34B00003A60 /* Debug */ = {
			isa = XCBuildConfiguration;
			buildSettings = {
				CODE_SIGN_STYLE = Automatic;
				CURRENT_PROJECT_VERSION = 1;
				DEVELOPMENT_TEAM = C3M56A453W;
				GENERATE_INFOPLIST_FILE = YES;
				MARKETING_VERSION = 1.0;
				PRODUCT_BUNDLE_IDENTIFIER = online.swampios.EarthQuakesUITests;
				PRODUCT_NAME = "$(TARGET_NAME)";
				SWIFT_EMIT_LOC_STRINGS = NO;
				SWIFT_VERSION = 5.0;
				TARGETED_DEVICE_FAMILY = "1,2";
				TEST_TARGET_NAME = EarthQuakes;
			};
			name = Debug;
		};
		C211F8BD2D16E34B00003A60 /* Release */ = {
			isa = XCBuildConfiguration;
			buildSettings = {
				CODE_SIGN_STYLE = Automatic;
				CURRENT_PROJECT_VERSION = 1;
				DEVELOPMENT_TEAM = C3M56A453W;
				GENERATE_INFOPLIST_FILE = YES;
				MARKETING_VERSION = 1.0;
				PRODUCT_BUNDLE_IDENTIFIER = online.swampios.EarthQuakesUITests;
				PRODUCT_NAME = "$(TARGET_NAME)";
				SWIFT_EMIT_LOC_STRINGS = NO;
				SWIFT_VERSION = 5.0;
				TARGETED_DEVICE_FAMILY = "1,2";
				TEST_TARGET_NAME = EarthQuakes;
			};
			name = Release;
		};
/* End XCBuildConfiguration section */

/* Begin XCConfigurationList section */
		C211F88C2D16E34900003A60 /* Build configuration list for PBXProject "EarthQuakes" */ = {
			isa = XCConfigurationList;
			buildConfigurations = (
				C211F8B32D16E34B00003A60 /* Debug */,
				C211F8B42D16E34B00003A60 /* Release */,
			);
			defaultConfigurationIsVisible = 0;
			defaultConfigurationName = Release;
		};
		C211F8B52D16E34B00003A60 /* Build configuration list for PBXNativeTarget "EarthQuakes" */ = {
			isa = XCConfigurationList;
			buildConfigurations = (
				C211F8B62D16E34B00003A60 /* Debug */,
				C211F8B72D16E34B00003A60 /* Release */,
			);
			defaultConfigurationIsVisible = 0;
			defaultConfigurationName = Release;
		};
		C211F8B82D16E34B00003A60 /* Build configuration list for PBXNativeTarget "EarthQuakesTests" */ = {
			isa = XCConfigurationList;
			buildConfigurations = (
				C211F8B92D16E34B00003A60 /* Debug */,
				C211F8BA2D16E34B00003A60 /* Release */,
			);
			defaultConfigurationIsVisible = 0;
			defaultConfigurationName = Release;
		};
		C211F8BB2D16E34B00003A60 /* Build configuration list for PBXNativeTarget "EarthQuakesUITests" */ = {
			isa = XCConfigurationList;
			buildConfigurations = (
				C211F8BC2D16E34B00003A60 /* Debug */,
				C211F8BD2D16E34B00003A60 /* Release */,
			);
			defaultConfigurationIsVisible = 0;
			defaultConfigurationName = Release;
		};
/* End XCConfigurationList section */
	};
	rootObject = C211F8892D16E34900003A60 /* Project object */;
}
